
Microsoft Visual Studio Solution File, Format Version 12.00
Project("{FAE04EC0-301F-11D3-BF4B-00C04F79EFBC}") = "TestMobile", "TestMobile\TestMobile.csproj", "{DC489AC4-00A0-4E51-83BC-8D260BB9344B}"
EndProject
Global
	GlobalSection(SolutionConfigurationPlatforms) = preSolution
		Debug|Any CPU = Debug|Any CPU
		Release|Any CPU = Release|Any CPU
	EndGlobalSection
	GlobalSection(ProjectConfigurationPlatforms) = postSolution
		{DC489AC4-00A0-4E51-83BC-8D260BB9344B}.Debug|Any CPU.ActiveCfg = Debug|Any CPU
		{DC489AC4-00A0-4E51-83BC-8D260BB9344B}.Debug|Any CPU.Build.0 = Debug|Any CPU
		{DC489AC4-00A0-4E51-83BC-8D260BB9344B}.Debug|Any CPU.Deploy.0 = Debug|Any CPU
		{DC489AC4-00A0-4E51-83BC-8D260BB9344B}.Release|Any CPU.ActiveCfg = Release|Any CPU
		{DC489AC4-00A0-4E51-83BC-8D260BB9344B}.Release|Any CPU.Build.0 = Release|Any CPU
		{DC489AC4-00A0-4E51-83BC-8D260BB9344B}.Release|Any CPU.Deploy.0 = Release|Any CPU
	EndGlobalSection
EndGlobal
